
Microsoft Visual Studio Solution File, Format Version 12.00
# Visual Studio Version 17
VisualStudioVersion = 17.5.002.0
MinimumVisualStudioVersion = 10.0.40219.1
Project("{9A19103F-16F7-4668-BE54-9A1E7A4F7556}") = "TestProject", "TestProject.csproj", "{61669826-90E7-48D3-8CAB-8A6842AA4459}"
EndProject
Global
	GlobalSection(SolutionConfigurationPlatforms) = preSolution
		Debug|Any CPU = Debug|Any CPU
		Release|Any CPU = Release|Any CPU
	EndGlobalSection
	GlobalSection(ProjectConfigurationPlatforms) = postSolution
		{61669826-90E7-48D3-8CAB-8A6842AA4459}.Debug|Any CPU.ActiveCfg = Debug|Any CPU
		{61669826-90E7-48D3-8CAB-8A6842AA4459}.Debug|Any CPU.Build.0 = Debug|Any CPU
		{61669826-90E7-48D3-8CAB-8A6842AA4459}.Release|Any CPU.ActiveCfg = Release|Any CPU
		{61669826-90E7-48D3-8CAB-8A6842AA4459}.Release|Any CPU.Build.0 = Release|Any CPU
	EndGlobalSection
	GlobalSection(SolutionProperties) = preSolution
		HideSolutionNode = FALSE
	EndGlobalSection
	GlobalSection(ExtensibilityGlobals) = postSolution
		SolutionGuid = {A39B13C1-252C-402C-8F7E-9147E75B9B9B}
	EndGlobalSection
EndGlobal
